
Microsoft Visual Studio Solution File, Format Version 12.00
# Visual Studio Version 16
VisualStudioVersion = 16.0.29519.87
MinimumVisualStudioVersion = 10.0.40219.1
Project("{FAE04EC0-301F-11D3-BF4B-00C04F79EFBC}") = "Domain", "Domain\Domain.csproj", "{4A420888-7893-46C0-921A-DF9BC84FD988}"
EndProject
Project("{FAE04EC0-301F-11D3-BF4B-00C04F79EFBC}") = "Infra", "Infra\Infra.csproj", "{92413556-3695-4EE9-A083-54E18C4D914F}"
EndProject
Project("{FAE04EC0-301F-11D3-BF4B-00C04F79EFBC}") = "Application", "Application\Application.csproj", "{63A27FA8-2A43-420D-8786-4D66D67FBD70}"
EndProject
Project("{FAE04EC0-301F-11D3-BF4B-00C04F79EFBC}") = "WebSite", "WebSite\WebSite.csproj", "{841B02A8-D7D6-4E67-8F6E-2F5C44065318}"
EndProject
Global
	GlobalSection(SolutionConfigurationPlatforms) = preSolution
		Debug|Any CPU = Debug|Any CPU
		Release|Any CPU = Release|Any CPU
	EndGlobalSection
	GlobalSection(ProjectConfigurationPlatforms) = postSolution
		{4A420888-7893-46C0-921A-DF9BC84FD988}.Debug|Any CPU.ActiveCfg = Debug|Any CPU
		{4A420888-7893-46C0-921A-DF9BC84FD988}.Debug|Any CPU.Build.0 = Debug|Any CPU
		{4A420888-7893-46C0-921A-DF9BC84FD988}.Release|Any CPU.ActiveCfg = Release|Any CPU
		{4A420888-7893-46C0-921A-DF9BC84FD988}.Release|Any CPU.Build.0 = Release|Any CPU
		{92413556-3695-4EE9-A083-54E18C4D914F}.Debug|Any CPU.ActiveCfg = Debug|Any CPU
		{92413556-3695-4EE9-A083-54E18C4D914F}.Debug|Any CPU.Build.0 = Debug|Any CPU
		{92413556-3695-4EE9-A083-54E18C4D914F}.Release|Any CPU.ActiveCfg = Release|Any CPU
		{92413556-3695-4EE9-A083-54E18C4D914F}.Release|Any CPU.Build.0 = Release|Any CPU
		{63A27FA8-2A43-420D-8786-4D66D67FBD70}.Debug|Any CPU.ActiveCfg = Debug|Any CPU
		{63A27FA8-2A43-420D-8786-4D66D67FBD70}.Debug|Any CPU.Build.0 = Debug|Any CPU
		{63A27FA8-2A43-420D-8786-4D66D67FBD70}.Release|Any CPU.ActiveCfg = Release|Any CPU
		{63A27FA8-2A43-420D-8786-4D66D67FBD70}.Release|Any CPU.Build.0 = Release|Any CPU
		{841B02A8-D7D6-4E67-8F6E-2F5C44065318}.Debug|Any CPU.ActiveCfg = Debug|Any CPU
		{841B02A8-D7D6-4E67-8F6E-2F5C44065318}.Debug|Any CPU.Build.0 = Debug|Any CPU
		{841B02A8-D7D6-4E67-8F6E-2F5C44065318}.Release|Any CPU.ActiveCfg = Release|Any CPU
		{841B02A8-D7D6-4E67-8F6E-2F5C44065318}.Release|Any CPU.Build.0 = Release|Any CPU
	EndGlobalSection
	GlobalSection(SolutionProperties) = preSolution
		HideSolutionNode = FALSE
	EndGlobalSection
	GlobalSection(ExtensibilityGlobals) = postSolution
		SolutionGuid = {D624FBCE-DE60-4133-BD91-4D228C52CB87}
	EndGlobalSection
EndGlobal
